// !$*UTF8*$!
{
	archiveVersion = 1;
	classes = {
	};
	objectVersion = 56;
	objects = {

/* Begin PBXBuildFile section */
		340009E32B6C3FDD008E8EB8 /* RecommendationActivity.swift in Sources */ = {isa = PBXBuildFile; fileRef = 340009E22B6C3FDD008E8EB8 /* RecommendationActivity.swift */; };
		3456F9AD2B636DAB006368F0 /* LinkRow.swift in Sources */ = {isa = PBXBuildFile; fileRef = 3456F9AC2B636DAB006368F0 /* LinkRow.swift */; };
		3469A8402B5A3A1E006220E4 /* Personal.swift in Sources */ = {isa = PBXBuildFile; fileRef = 3469A83F2B5A3A1D006220E4 /* Personal.swift */; };
		3469A8422B5B1952006220E4 /* PersonalListView.swift in Sources */ = {isa = PBXBuildFile; fileRef = 3469A8412B5B1952006220E4 /* PersonalListView.swift */; };
		3469A8442B5B1A90006220E4 /* EditPersonalView.swift in Sources */ = {isa = PBXBuildFile; fileRef = 3469A8432B5B1A90006220E4 /* EditPersonalView.swift */; };
		3470DE892B72EE71005AE9F4 /* PersonalCalendarView.swift in Sources */ = {isa = PBXBuildFile; fileRef = 3470DE882B72EE71005AE9F4 /* PersonalCalendarView.swift */; };
		34714E8F2B61E0DD0022D8E5 /* PersonalListItem.swift in Sources */ = {isa = PBXBuildFile; fileRef = 34714E8E2B61E0DD0022D8E5 /* PersonalListItem.swift */; };
		3471ED582B69A97E0007205A /* RecommendationDetailView.swift in Sources */ = {isa = PBXBuildFile; fileRef = 3471ED572B69A97E0007205A /* RecommendationDetailView.swift */; };
		3471ED5A2B69A99F0007205A /* ActivityDetailView.swift in Sources */ = {isa = PBXBuildFile; fileRef = 3471ED592B69A99F0007205A /* ActivityDetailView.swift */; };
		3471ED5C2B6AC4A80007205A /* RecommendationView.swift in Sources */ = {isa = PBXBuildFile; fileRef = 3471ED5B2B6AC4A80007205A /* RecommendationView.swift */; };
		3478A5EF2B682E97009D7E64 /* ActivityView.swift in Sources */ = {isa = PBXBuildFile; fileRef = 3478A5EE2B682E97009D7E64 /* ActivityView.swift */; };
		3495C7CF2B68761C008862BA /* FileLinkView.swift in Sources */ = {isa = PBXBuildFile; fileRef = 3495C7CE2B68761B008862BA /* FileLinkView.swift */; };
		3495C7D32B68ACC5008862BA /* recommendations.json in Resources */ = {isa = PBXBuildFile; fileRef = 3495C7D22B68ACC5008862BA /* recommendations.json */; };
		3495C7D72B68AD36008862BA /* Recommendation.swift in Sources */ = {isa = PBXBuildFile; fileRef = 3495C7D62B68AD36008862BA /* Recommendation.swift */; };
		34EAC7832B4F24D300002B91 /* FamilyActivitiesApp.swift in Sources */ = {isa = PBXBuildFile; fileRef = 34EAC7822B4F24D300002B91 /* FamilyActivitiesApp.swift */; };
		34EAC7852B4F24D300002B91 /* ContentView.swift in Sources */ = {isa = PBXBuildFile; fileRef = 34EAC7842B4F24D300002B91 /* ContentView.swift */; };
		34EAC7872B4F24D500002B91 /* Assets.xcassets in Resources */ = {isa = PBXBuildFile; fileRef = 34EAC7862B4F24D500002B91 /* Assets.xcassets */; };
		34EAC78B2B4F24D500002B91 /* Preview Assets.xcassets in Resources */ = {isa = PBXBuildFile; fileRef = 34EAC78A2B4F24D500002B91 /* Preview Assets.xcassets */; };
		34EAC7922B4F281900002B91 /* HomeView.swift in Sources */ = {isa = PBXBuildFile; fileRef = 34EAC7912B4F281900002B91 /* HomeView.swift */; };
		34EAC7942B4F2C4A00002B91 /* TabPageView.swift in Sources */ = {isa = PBXBuildFile; fileRef = 34EAC7932B4F2C4A00002B91 /* TabPageView.swift */; };
		34EAC7982B4F2E8800002B91 /* PersonalView.swift in Sources */ = {isa = PBXBuildFile; fileRef = 34EAC7972B4F2E8800002B91 /* PersonalView.swift */; };
		34EAC79C2B4F381800002B91 /* activities.json in Resources */ = {isa = PBXBuildFile; fileRef = 34EAC79B2B4F381800002B91 /* activities.json */; };
		34EAC79E2B4F395500002B91 /* Activity.swift in Sources */ = {isa = PBXBuildFile; fileRef = 34EAC79D2B4F395500002B91 /* Activity.swift */; };
/* End PBXBuildFile section */

/* Begin PBXFileReference section */
		340009E22B6C3FDD008E8EB8 /* RecommendationActivity.swift */ = {isa = PBXFileReference; lastKnownFileType = sourcecode.swift; path = RecommendationActivity.swift; sourceTree = "<group>"; };
		3456F9AC2B636DAB006368F0 /* LinkRow.swift */ = {isa = PBXFileReference; lastKnownFileType = sourcecode.swift; path = LinkRow.swift; sourceTree = "<group>"; };
		3469A83F2B5A3A1D006220E4 /* Personal.swift */ = {isa = PBXFileReference; lastKnownFileType = sourcecode.swift; path = Personal.swift; sourceTree = "<group>"; };
		3469A8412B5B1952006220E4 /* PersonalListView.swift */ = {isa = PBXFileReference; lastKnownFileType = sourcecode.swift; path = PersonalListView.swift; sourceTree = "<group>"; };
		3469A8432B5B1A90006220E4 /* EditPersonalView.swift */ = {isa = PBXFileReference; lastKnownFileType = sourcecode.swift; path = EditPersonalView.swift; sourceTree = "<group>"; };
		3470DE882B72EE71005AE9F4 /* PersonalCalendarView.swift */ = {isa = PBXFileReference; lastKnownFileType = sourcecode.swift; path = PersonalCalendarView.swift; sourceTree = "<group>"; };
		34714E8E2B61E0DD0022D8E5 /* PersonalListItem.swift */ = {isa = PBXFileReference; lastKnownFileType = sourcecode.swift; path = PersonalListItem.swift; sourceTree = "<group>"; };
		3471ED572B69A97E0007205A /* RecommendationDetailView.swift */ = {isa = PBXFileReference; lastKnownFileType = sourcecode.swift; path = RecommendationDetailView.swift; sourceTree = "<group>"; };
		3471ED592B69A99F0007205A /* ActivityDetailView.swift */ = {isa = PBXFileReference; lastKnownFileType = sourcecode.swift; path = ActivityDetailView.swift; sourceTree = "<group>"; };
		3471ED5B2B6AC4A80007205A /* RecommendationView.swift */ = {isa = PBXFileReference; lastKnownFileType = sourcecode.swift; path = RecommendationView.swift; sourceTree = "<group>"; };
		3478A5EE2B682E97009D7E64 /* ActivityView.swift */ = {isa = PBXFileReference; lastKnownFileType = sourcecode.swift; path = ActivityView.swift; sourceTree = "<group>"; };
		3495C7CE2B68761B008862BA /* FileLinkView.swift */ = {isa = PBXFileReference; lastKnownFileType = sourcecode.swift; path = FileLinkView.swift; sourceTree = "<group>"; };
		3495C7D22B68ACC5008862BA /* recommendations.json */ = {isa = PBXFileReference; fileEncoding = 4; lastKnownFileType = text.json; path = recommendations.json; sourceTree = "<group>"; };
		3495C7D62B68AD36008862BA /* Recommendation.swift */ = {isa = PBXFileReference; lastKnownFileType = sourcecode.swift; path = Recommendation.swift; sourceTree = "<group>"; };
		34EAC77F2B4F24D300002B91 /* FamilyActivities.app */ = {isa = PBXFileReference; explicitFileType = wrapper.application; includeInIndex = 0; path = FamilyActivities.app; sourceTree = BUILT_PRODUCTS_DIR; };
		34EAC7822B4F24D300002B91 /* FamilyActivitiesApp.swift */ = {isa = PBXFileReference; lastKnownFileType = sourcecode.swift; path = FamilyActivitiesApp.swift; sourceTree = "<group>"; };
		34EAC7842B4F24D300002B91 /* ContentView.swift */ = {isa = PBXFileReference; lastKnownFileType = sourcecode.swift; path = ContentView.swift; sourceTree = "<group>"; };
		34EAC7862B4F24D500002B91 /* Assets.xcassets */ = {isa = PBXFileReference; lastKnownFileType = folder.assetcatalog; path = Assets.xcassets; sourceTree = "<group>"; };
		34EAC7882B4F24D500002B91 /* FamilyActivities.entitlements */ = {isa = PBXFileReference; lastKnownFileType = text.plist.entitlements; path = FamilyActivities.entitlements; sourceTree = "<group>"; };
		34EAC78A2B4F24D500002B91 /* Preview Assets.xcassets */ = {isa = PBXFileReference; lastKnownFileType = folder.assetcatalog; path = "Preview Assets.xcassets"; sourceTree = "<group>"; };
		34EAC7912B4F281900002B91 /* HomeView.swift */ = {isa = PBXFileReference; lastKnownFileType = sourcecode.swift; path = HomeView.swift; sourceTree = "<group>"; };
		34EAC7932B4F2C4A00002B91 /* TabPageView.swift */ = {isa = PBXFileReference; lastKnownFileType = sourcecode.swift; path = TabPageView.swift; sourceTree = "<group>"; };
		34EAC7972B4F2E8800002B91 /* PersonalView.swift */ = {isa = PBXFileReference; lastKnownFileType = sourcecode.swift; path = PersonalView.swift; sourceTree = "<group>"; };
		34EAC79B2B4F381800002B91 /* activities.json */ = {isa = PBXFileReference; fileEncoding = 4; lastKnownFileType = text.json; name = activities.json; path = FamilyActivities/activities.json; sourceTree = SOURCE_ROOT; };
		34EAC79D2B4F395500002B91 /* Activity.swift */ = {isa = PBXFileReference; lastKnownFileType = sourcecode.swift; path = Activity.swift; sourceTree = "<group>"; };
/* End PBXFileReference section */

/* Begin PBXFrameworksBuildPhase section */
		34EAC77C2B4F24D300002B91 /* Frameworks */ = {
			isa = PBXFrameworksBuildPhase;
			buildActionMask = 2147483647;
			files = (
			);
			runOnlyForDeploymentPostprocessing = 0;
		};
/* End PBXFrameworksBuildPhase section */

/* Begin PBXGroup section */
		34EAC7762B4F24D300002B91 = {
			isa = PBXGroup;
			children = (
				34EAC7812B4F24D300002B91 /* FamilyActivities */,
				34EAC7802B4F24D300002B91 /* Products */,
			);
			sourceTree = "<group>";
		};
		34EAC7802B4F24D300002B91 /* Products */ = {
			isa = PBXGroup;
			children = (
				34EAC77F2B4F24D300002B91 /* FamilyActivities.app */,
			);
			name = Products;
			sourceTree = "<group>";
		};
		34EAC7812B4F24D300002B91 /* FamilyActivities */ = {
			isa = PBXGroup;
			children = (
				34EAC7822B4F24D300002B91 /* FamilyActivitiesApp.swift */,
				34EAC79D2B4F395500002B91 /* Activity.swift */,
				3495C7D62B68AD36008862BA /* Recommendation.swift */,
				340009E22B6C3FDD008E8EB8 /* RecommendationActivity.swift */,
				3469A83F2B5A3A1D006220E4 /* Personal.swift */,
				34714E8E2B61E0DD0022D8E5 /* PersonalListItem.swift */,
				34EAC79B2B4F381800002B91 /* activities.json */,
				3495C7D22B68ACC5008862BA /* recommendations.json */,
				34EAC7842B4F24D300002B91 /* ContentView.swift */,
				34EAC7932B4F2C4A00002B91 /* TabPageView.swift */,
				34EAC7912B4F281900002B91 /* HomeView.swift */,
				3478A5EE2B682E97009D7E64 /* ActivityView.swift */,
				3471ED592B69A99F0007205A /* ActivityDetailView.swift */,
				34EAC7972B4F2E8800002B91 /* PersonalView.swift */,
				3469A8412B5B1952006220E4 /* PersonalListView.swift */,
				3470DE882B72EE71005AE9F4 /* PersonalCalendarView.swift */,
				3469A8432B5B1A90006220E4 /* EditPersonalView.swift */,
				3471ED5B2B6AC4A80007205A /* RecommendationView.swift */,
				3471ED572B69A97E0007205A /* RecommendationDetailView.swift */,
				3456F9AC2B636DAB006368F0 /* LinkRow.swift */,
				3495C7CE2B68761B008862BA /* FileLinkView.swift */,
				34EAC7862B4F24D500002B91 /* Assets.xcassets */,
				34EAC7882B4F24D500002B91 /* FamilyActivities.entitlements */,
				34EAC7892B4F24D500002B91 /* Preview Content */,
			);
			path = FamilyActivities;
			sourceTree = "<group>";
		};
		34EAC7892B4F24D500002B91 /* Preview Content */ = {
			isa = PBXGroup;
			children = (
				34EAC78A2B4F24D500002B91 /* Preview Assets.xcassets */,
			);
			path = "Preview Content";
			sourceTree = "<group>";
		};
/* End PBXGroup section */

/* Begin PBXNativeTarget section */
		34EAC77E2B4F24D300002B91 /* FamilyActivities */ = {
			isa = PBXNativeTarget;
			buildConfigurationList = 34EAC78E2B4F24D500002B91 /* Build configuration list for PBXNativeTarget "FamilyActivities" */;
			buildPhases = (
				34EAC77B2B4F24D300002B91 /* Sources */,
				34EAC77C2B4F24D300002B91 /* Frameworks */,
				34EAC77D2B4F24D300002B91 /* Resources */,
			);
			buildRules = (
			);
			dependencies = (
			);
			name = FamilyActivities;
			productName = FamilyActivities;
			productReference = 34EAC77F2B4F24D300002B91 /* FamilyActivities.app */;
			productType = "com.apple.product-type.application";
		};
/* End PBXNativeTarget section */

/* Begin PBXProject section */
		34EAC7772B4F24D300002B91 /* Project object */ = {
			isa = PBXProject;
			attributes = {
				BuildIndependentTargetsInParallel = 1;
				LastSwiftUpdateCheck = 1520;
				LastUpgradeCheck = 1520;
				TargetAttributes = {
					34EAC77E2B4F24D300002B91 = {
						CreatedOnToolsVersion = 15.2;
					};
				};
			};
			buildConfigurationList = 34EAC77A2B4F24D300002B91 /* Build configuration list for PBXProject "FamilyActivities" */;
			compatibilityVersion = "Xcode 14.0";
			developmentRegion = en;
			hasScannedForEncodings = 0;
			knownRegions = (
				en,
				Base,
			);
			mainGroup = 34EAC7762B4F24D300002B91;
			productRefGroup = 34EAC7802B4F24D300002B91 /* Products */;
			projectDirPath = "";
			projectRoot = "";
			targets = (
				34EAC77E2B4F24D300002B91 /* FamilyActivities */,
			);
		};
/* End PBXProject section */

/* Begin PBXResourcesBuildPhase section */
		34EAC77D2B4F24D300002B91 /* Resources */ = {
			isa = PBXResourcesBuildPhase;
			buildActionMask = 2147483647;
			files = (
				3495C7D32B68ACC5008862BA /* recommendations.json in Resources */,
				34EAC78B2B4F24D500002B91 /* Preview Assets.xcassets in Resources */,
				34EAC7872B4F24D500002B91 /* Assets.xcassets in Resources */,
				34EAC79C2B4F381800002B91 /* activities.json in Resources */,
			);
			runOnlyForDeploymentPostprocessing = 0;
		};
/* End PBXResourcesBuildPhase section */

/* Begin PBXSourcesBuildPhase section */
		34EAC77B2B4F24D300002B91 /* Sources */ = {
			isa = PBXSourcesBuildPhase;
			buildActionMask = 2147483647;
			files = (
				3495C7D72B68AD36008862BA /* Recommendation.swift in Sources */,
				34714E8F2B61E0DD0022D8E5 /* PersonalListItem.swift in Sources */,
				3469A8422B5B1952006220E4 /* PersonalListView.swift in Sources */,
				34EAC7982B4F2E8800002B91 /* PersonalView.swift in Sources */,
				34EAC7922B4F281900002B91 /* HomeView.swift in Sources */,
				3471ED5C2B6AC4A80007205A /* RecommendationView.swift in Sources */,
				3469A8402B5A3A1E006220E4 /* Personal.swift in Sources */,
				3471ED582B69A97E0007205A /* RecommendationDetailView.swift in Sources */,
				3478A5EF2B682E97009D7E64 /* ActivityView.swift in Sources */,
				34EAC7852B4F24D300002B91 /* ContentView.swift in Sources */,
				3470DE892B72EE71005AE9F4 /* PersonalCalendarView.swift in Sources */,
				3469A8442B5B1A90006220E4 /* EditPersonalView.swift in Sources */,
				34EAC7942B4F2C4A00002B91 /* TabPageView.swift in Sources */,
				3495C7CF2B68761C008862BA /* FileLinkView.swift in Sources */,
				34EAC79E2B4F395500002B91 /* Activity.swift in Sources */,
				3456F9AD2B636DAB006368F0 /* LinkRow.swift in Sources */,
				340009E32B6C3FDD008E8EB8 /* RecommendationActivity.swift in Sources */,
				3471ED5A2B69A99F0007205A /* ActivityDetailView.swift in Sources */,
				34EAC7832B4F24D300002B91 /* FamilyActivitiesApp.swift in Sources */,
			);
			runOnlyForDeploymentPostprocessing = 0;
		};
/* End PBXSourcesBuildPhase section */

/* Begin XCBuildConfiguration section */
		34EAC78C2B4F24D500002B91 /* Debug */ = {
			isa = XCBuildConfiguration;
			buildSettings = {
				ALWAYS_SEARCH_USER_PATHS = NO;
				ASSETCATALOG_COMPILER_GENERATE_SWIFT_ASSET_SYMBOL_EXTENSIONS = YES;
				CLANG_ANALYZER_NONNULL = YES;
				CLANG_ANALYZER_NUMBER_OBJECT_CONVERSION = YES_AGGRESSIVE;
				CLANG_CXX_LANGUAGE_STANDARD = "gnu++20";
				CLANG_ENABLE_MODULES = YES;
				CLANG_ENABLE_OBJC_ARC = YES;
				CLANG_ENABLE_OBJC_WEAK = YES;
				CLANG_WARN_BLOCK_CAPTURE_AUTORELEASING = YES;
				CLANG_WARN_BOOL_CONVERSION = YES;
				CLANG_WARN_COMMA = YES;
				CLANG_WARN_CONSTANT_CONVERSION = YES;
				CLANG_WARN_DEPRECATED_OBJC_IMPLEMENTATIONS = YES;
				CLANG_WARN_DIRECT_OBJC_ISA_USAGE = YES_ERROR;
				CLANG_WARN_DOCUMENTATION_COMMENTS = YES;
				CLANG_WARN_EMPTY_BODY = YES;
				CLANG_WARN_ENUM_CONVERSION = YES;
				CLANG_WARN_INFINITE_RECURSION = YES;
				CLANG_WARN_INT_CONVERSION = YES;
				CLANG_WARN_NON_LITERAL_NULL_CONVERSION = YES;
				CLANG_WARN_OBJC_IMPLICIT_RETAIN_SELF = YES;
				CLANG_WARN_OBJC_LITERAL_CONVERSION = YES;
				CLANG_WARN_OBJC_ROOT_CLASS = YES_ERROR;
				CLANG_WARN_QUOTED_INCLUDE_IN_FRAMEWORK_HEADER = YES;
				CLANG_WARN_RANGE_LOOP_ANALYSIS = YES;
				CLANG_WARN_STRICT_PROTOTYPES = YES;
				CLANG_WARN_SUSPICIOUS_MOVE = YES;
				CLANG_WARN_UNGUARDED_AVAILABILITY = YES_AGGRESSIVE;
				CLANG_WARN_UNREACHABLE_CODE = YES;
				CLANG_WARN__DUPLICATE_METHOD_MATCH = YES;
				COPY_PHASE_STRIP = NO;
				DEBUG_INFORMATION_FORMAT = dwarf;
				ENABLE_STRICT_OBJC_MSGSEND = YES;
				ENABLE_TESTABILITY = YES;
				ENABLE_USER_SCRIPT_SANDBOXING = YES;
				GCC_C_LANGUAGE_STANDARD = gnu17;
				GCC_DYNAMIC_NO_PIC = NO;
				GCC_NO_COMMON_BLOCKS = YES;
				GCC_OPTIMIZATION_LEVEL = 0;
				GCC_PREPROCESSOR_DEFINITIONS = (
					"DEBUG=1",
					"$(inherited)",
				);
				GCC_WARN_64_TO_32_BIT_CONVERSION = YES;
				GCC_WARN_ABOUT_RETURN_TYPE = YES_ERROR;
				GCC_WARN_UNDECLARED_SELECTOR = YES;
				GCC_WARN_UNINITIALIZED_AUTOS = YES_AGGRESSIVE;
				GCC_WARN_UNUSED_FUNCTION = YES;
				GCC_WARN_UNUSED_VARIABLE = YES;
				LOCALIZATION_PREFERS_STRING_CATALOGS = YES;
				MTL_ENABLE_DEBUG_INFO = INCLUDE_SOURCE;
				MTL_FAST_MATH = YES;
				ONLY_ACTIVE_ARCH = YES;
				SWIFT_ACTIVE_COMPILATION_CONDITIONS = "DEBUG $(inherited)";
				SWIFT_OPTIMIZATION_LEVEL = "-Onone";
			};
			name = Debug;
		};
		34EAC78D2B4F24D500002B91 /* Release */ = {
			isa = XCBuildConfiguration;
			buildSettings = {
				ALWAYS_SEARCH_USER_PATHS = NO;
				ASSETCATALOG_COMPILER_GENERATE_SWIFT_ASSET_SYMBOL_EXTENSIONS = YES;
				CLANG_ANALYZER_NONNULL = YES;
				CLANG_ANALYZER_NUMBER_OBJECT_CONVERSION = YES_AGGRESSIVE;
				CLANG_CXX_LANGUAGE_STANDARD = "gnu++20";
				CLANG_ENABLE_MODULES = YES;
				CLANG_ENABLE_OBJC_ARC = YES;
				CLANG_ENABLE_OBJC_WEAK = YES;
				CLANG_WARN_BLOCK_CAPTURE_AUTORELEASING = YES;
				CLANG_WARN_BOOL_CONVERSION = YES;
				CLANG_WARN_COMMA = YES;
				CLANG_WARN_CONSTANT_CONVERSION = YES;
				CLANG_WARN_DEPRECATED_OBJC_IMPLEMENTATIONS = YES;
				CLANG_WARN_DIRECT_OBJC_ISA_USAGE = YES_ERROR;
				CLANG_WARN_DOCUMENTATION_COMMENTS = YES;
				CLANG_WARN_EMPTY_BODY = YES;
				CLANG_WARN_ENUM_CONVERSION = YES;
				CLANG_WARN_INFINITE_RECURSION = YES;
				CLANG_WARN_INT_CONVERSION = YES;
				CLANG_WARN_NON_LITERAL_NULL_CONVERSION = YES;
				CLANG_WARN_OBJC_IMPLICIT_RETAIN_SELF = YES;
				CLANG_WARN_OBJC_LITERAL_CONVERSION = YES;
				CLANG_WARN_OBJC_ROOT_CLASS = YES_ERROR;
				CLANG_WARN_QUOTED_INCLUDE_IN_FRAMEWORK_HEADER = YES;
				CLANG_WARN_RANGE_LOOP_ANALYSIS = YES;
				CLANG_WARN_STRICT_PROTOTYPES = YES;
				CLANG_WARN_SUSPICIOUS_MOVE = YES;
				CLANG_WARN_UNGUARDED_AVAILABILITY = YES_AGGRESSIVE;
				CLANG_WARN_UNREACHABLE_CODE = YES;
				CLANG_WARN__DUPLICATE_METHOD_MATCH = YES;
				COPY_PHASE_STRIP = NO;
				DEBUG_INFORMATION_FORMAT = "dwarf-with-dsym";
				ENABLE_NS_ASSERTIONS = NO;
				ENABLE_STRICT_OBJC_MSGSEND = YES;
				ENABLE_USER_SCRIPT_SANDBOXING = YES;
				GCC_C_LANGUAGE_STANDARD = gnu17;
				GCC_NO_COMMON_BLOCKS = YES;
				GCC_WARN_64_TO_32_BIT_CONVERSION = YES;
				GCC_WARN_ABOUT_RETURN_TYPE = YES_ERROR;
				GCC_WARN_UNDECLARED_SELECTOR = YES;
				GCC_WARN_UNINITIALIZED_AUTOS = YES_AGGRESSIVE;
				GCC_WARN_UNUSED_FUNCTION = YES;
				GCC_WARN_UNUSED_VARIABLE = YES;
				LOCALIZATION_PREFERS_STRING_CATALOGS = YES;
				MTL_ENABLE_DEBUG_INFO = NO;
				MTL_FAST_MATH = YES;
				SWIFT_COMPILATION_MODE = wholemodule;
			};
			name = Release;
		};
		34EAC78F2B4F24D500002B91 /* Debug */ = {
			isa = XCBuildConfiguration;
			buildSettings = {
				ASSETCATALOG_COMPILER_APPICON_NAME = AppIcon;
				ASSETCATALOG_COMPILER_GLOBAL_ACCENT_COLOR_NAME = AccentColor;
				CODE_SIGN_ENTITLEMENTS = FamilyActivities/FamilyActivities.entitlements;
				CODE_SIGN_STYLE = Automatic;
				CURRENT_PROJECT_VERSION = 1;
				DEVELOPMENT_ASSET_PATHS = "\"FamilyActivities/Preview Content\"";
				DEVELOPMENT_TEAM = ACZV33WGB6;
				ENABLE_HARDENED_RUNTIME = YES;
				ENABLE_PREVIEWS = YES;
				GENERATE_INFOPLIST_FILE = YES;
				"INFOPLIST_KEY_UIApplicationSceneManifest_Generation[sdk=iphoneos*]" = YES;
				"INFOPLIST_KEY_UIApplicationSceneManifest_Generation[sdk=iphonesimulator*]" = YES;
				"INFOPLIST_KEY_UIApplicationSupportsIndirectInputEvents[sdk=iphoneos*]" = YES;
				"INFOPLIST_KEY_UIApplicationSupportsIndirectInputEvents[sdk=iphonesimulator*]" = YES;
				"INFOPLIST_KEY_UILaunchScreen_Generation[sdk=iphoneos*]" = YES;
				"INFOPLIST_KEY_UILaunchScreen_Generation[sdk=iphonesimulator*]" = YES;
				"INFOPLIST_KEY_UIStatusBarStyle[sdk=iphoneos*]" = UIStatusBarStyleDefault;
				"INFOPLIST_KEY_UIStatusBarStyle[sdk=iphonesimulator*]" = UIStatusBarStyleDefault;
				INFOPLIST_KEY_UISupportedInterfaceOrientations_iPad = "UIInterfaceOrientationPortrait UIInterfaceOrientationPortraitUpsideDown UIInterfaceOrientationLandscapeLeft UIInterfaceOrientationLandscapeRight";
				INFOPLIST_KEY_UISupportedInterfaceOrientations_iPhone = "UIInterfaceOrientationPortrait UIInterfaceOrientationLandscapeLeft UIInterfaceOrientationLandscapeRight";
				IPHONEOS_DEPLOYMENT_TARGET = 17.2;
				LD_RUNPATH_SEARCH_PATHS = "@executable_path/Frameworks";
				"LD_RUNPATH_SEARCH_PATHS[sdk=macosx*]" = "@executable_path/../Frameworks";
				MACOSX_DEPLOYMENT_TARGET = 14.1;
				MARKETING_VERSION = 1.0;
				PRODUCT_BUNDLE_IDENTIFIER = Annalie.FamilyActivities;
				PRODUCT_NAME = "$(TARGET_NAME)";
				SDKROOT = auto;
				SUPPORTED_PLATFORMS = "iphoneos iphonesimulator macosx";
				SWIFT_EMIT_LOC_STRINGS = YES;
				SWIFT_VERSION = 5.0;
				TARGETED_DEVICE_FAMILY = "1,2";
			};
			name = Debug;
		};
		34EAC7902B4F24D500002B91 /* Release */ = {
			isa = XCBuildConfiguration;
			buildSettings = {
				ASSETCATALOG_COMPILER_APPICON_NAME = AppIcon;
				ASSETCATALOG_COMPILER_GLOBAL_ACCENT_COLOR_NAME = AccentColor;
				CODE_SIGN_ENTITLEMENTS = FamilyActivities/FamilyActivities.entitlements;
				CODE_SIGN_STYLE = Automatic;
				CURRENT_PROJECT_VERSION = 1;
				DEVELOPMENT_ASSET_PATHS = "\"FamilyActivities/Preview Content\"";
				DEVELOPMENT_TEAM = ACZV33WGB6;
				ENABLE_HARDENED_RUNTIME = YES;
				ENABLE_PREVIEWS = YES;
				GENERATE_INFOPLIST_FILE = YES;
				"INFOPLIST_KEY_UIApplicationSceneManifest_Generation[sdk=iphoneos*]" = YES;
				"INFOPLIST_KEY_UIApplicationSceneManifest_Generation[sdk=iphonesimulator*]" = YES;
				"INFOPLIST_KEY_UIApplicationSupportsIndirectInputEvents[sdk=iphoneos*]" = YES;
				"INFOPLIST_KEY_UIApplicationSupportsIndirectInputEvents[sdk=iphonesimulator*]" = YES;
				"INFOPLIST_KEY_UILaunchScreen_Generation[sdk=iphoneos*]" = YES;
				"INFOPLIST_KEY_UILaunchScreen_Generation[sdk=iphonesimulator*]" = YES;
				"INFOPLIST_KEY_UIStatusBarStyle[sdk=iphoneos*]" = UIStatusBarStyleDefault;
				"INFOPLIST_KEY_UIStatusBarStyle[sdk=iphonesimulator*]" = UIStatusBarStyleDefault;
				INFOPLIST_KEY_UISupportedInterfaceOrientations_iPad = "UIInterfaceOrientationPortrait UIInterfaceOrientationPortraitUpsideDown UIInterfaceOrientationLandscapeLeft UIInterfaceOrientationLandscapeRight";
				INFOPLIST_KEY_UISupportedInterfaceOrientations_iPhone = "UIInterfaceOrientationPortrait UIInterfaceOrientationLandscapeLeft UIInterfaceOrientationLandscapeRight";
				IPHONEOS_DEPLOYMENT_TARGET = 17.2;
				LD_RUNPATH_SEARCH_PATHS = "@executable_path/Frameworks";
				"LD_RUNPATH_SEARCH_PATHS[sdk=macosx*]" = "@executable_path/../Frameworks";
				MACOSX_DEPLOYMENT_TARGET = 14.1;
				MARKETING_VERSION = 1.0;
				PRODUCT_BUNDLE_IDENTIFIER = Annalie.FamilyActivities;
				PRODUCT_NAME = "$(TARGET_NAME)";
				SDKROOT = auto;
				SUPPORTED_PLATFORMS = "iphoneos iphonesimulator macosx";
				SWIFT_EMIT_LOC_STRINGS = YES;
				SWIFT_VERSION = 5.0;
				TARGETED_DEVICE_FAMILY = "1,2";
			};
			name = Release;
		};
/* End XCBuildConfiguration section */

/* Begin XCConfigurationList section */
		34EAC77A2B4F24D300002B91 /* Build configuration list for PBXProject "FamilyActivities" */ = {
			isa = XCConfigurationList;
			buildConfigurations = (
				34EAC78C2B4F24D500002B91 /* Debug */,
				34EAC78D2B4F24D500002B91 /* Release */,
			);
			defaultConfigurationIsVisible = 0;
			defaultConfigurationName = Release;
		};
		34EAC78E2B4F24D500002B91 /* Build configuration list for PBXNativeTarget "FamilyActivities" */ = {
			isa = XCConfigurationList;
			buildConfigurations = (
				34EAC78F2B4F24D500002B91 /* Debug */,
				34EAC7902B4F24D500002B91 /* Release */,
			);
			defaultConfigurationIsVisible = 0;
			defaultConfigurationName = Release;
		};
/* End XCConfigurationList section */
	};
	rootObject = 34EAC7772B4F24D300002B91 /* Project object */;
}
